
Microsoft Visual Studio Solution File, Format Version 12.00
# Visual Studio Version 17
VisualStudioVersion = 17.13.35931.197 d17.13
MinimumVisualStudioVersion = 10.0.40219.1
Project("{888888A0-9F3D-457C-B088-3A5042F75D52}") = "to", "to.pyproj", "{916495F6-E227-4976-B60F-27A6042AE64D}"
EndProject
Global
	GlobalSection(SolutionConfigurationPlatforms) = preSolution
		Debug|Any CPU = Debug|Any CPU
		Release|Any CPU = Release|Any CPU
	EndGlobalSection
	GlobalSection(ProjectConfigurationPlatforms) = postSolution
		{916495F6-E227-4976-B60F-27A6042AE64D}.Debug|Any CPU.ActiveCfg = Debug|Any CPU
		{916495F6-E227-4976-B60F-27A6042AE64D}.Debug|Any CPU.Build.0 = Debug|Any CPU
		{916495F6-E227-4976-B60F-27A6042AE64D}.Release|Any CPU.ActiveCfg = Release|Any CPU
		{916495F6-E227-4976-B60F-27A6042AE64D}.Release|Any CPU.Build.0 = Release|Any CPU
	EndGlobalSection
	GlobalSection(SolutionProperties) = preSolution
		HideSolutionNode = FALSE
	EndGlobalSection
	GlobalSection(ExtensibilityGlobals) = postSolution
		SolutionGuid = {C3F7A438-5BC6-46C1-8CD5-D995F631E57E}
	EndGlobalSection
EndGlobal
